
Microsoft Visual Studio Solution File, Format Version 12.00
# Visual Studio Version 16
VisualStudioVersion = 16.0.30114.105
MinimumVisualStudioVersion = 10.0.40219.1
Project("{FAE04EC0-301F-11D3-BF4B-00C04F79EFBC}") = "AT_EquipmentTracker", "AT_EquipmentTracker.csproj", "{41892DDA-1AC5-40D6-8F8F-2933B3A1BCC2}"
EndProject
Global
	GlobalSection(SolutionConfigurationPlatforms) = preSolution
		Debug|Any CPU = Debug|Any CPU
		Release|Any CPU = Release|Any CPU
	EndGlobalSection
	GlobalSection(ProjectConfigurationPlatforms) = postSolution
		{41892DDA-1AC5-40D6-8F8F-2933B3A1BCC2}.Debug|Any CPU.ActiveCfg = Debug|Any CPU
		{41892DDA-1AC5-40D6-8F8F-2933B3A1BCC2}.Debug|Any CPU.Build.0 = Debug|Any CPU
		{41892DDA-1AC5-40D6-8F8F-2933B3A1BCC2}.Release|Any CPU.ActiveCfg = Release|Any CPU
		{41892DDA-1AC5-40D6-8F8F-2933B3A1BCC2}.Release|Any CPU.Build.0 = Release|Any CPU
	EndGlobalSection
	GlobalSection(SolutionProperties) = preSolution
		HideSolutionNode = FALSE
	EndGlobalSection
	GlobalSection(ExtensibilityGlobals) = postSolution
		SolutionGuid = {C3771CF3-AF9A-4066-94F0-139CE4B1EA0D}
	EndGlobalSection
EndGlobal
